
Microsoft Visual Studio Solution File, Format Version 12.00
# Visual Studio Version 17
VisualStudioVersion = 17.7.33920.267
MinimumVisualStudioVersion = 10.0.40219.1
Project("{FAE04EC0-301F-11D3-BF4B-00C04F79EFBC}") = "DirectPrint", "DirectPrint\DirectPrint.csproj", "{CA1225C2-5077-435F-A72E-E34FEF055C6D}"
EndProject
Global
	GlobalSection(SolutionConfigurationPlatforms) = preSolution
		Debug|Any CPU = Debug|Any CPU
		Release|Any CPU = Release|Any CPU
	EndGlobalSection
	GlobalSection(ProjectConfigurationPlatforms) = postSolution
		{CA1225C2-5077-435F-A72E-E34FEF055C6D}.Debug|Any CPU.ActiveCfg = Debug|Any CPU
		{CA1225C2-5077-435F-A72E-E34FEF055C6D}.Debug|Any CPU.Build.0 = Debug|Any CPU
		{CA1225C2-5077-435F-A72E-E34FEF055C6D}.Release|Any CPU.ActiveCfg = Release|Any CPU
		{CA1225C2-5077-435F-A72E-E34FEF055C6D}.Release|Any CPU.Build.0 = Release|Any CPU
	EndGlobalSection
	GlobalSection(SolutionProperties) = preSolution
		HideSolutionNode = FALSE
	EndGlobalSection
	GlobalSection(ExtensibilityGlobals) = postSolution
		SolutionGuid = {B82F8D8D-2377-44E3-BF22-B74EB8C5ABE2}
	EndGlobalSection
EndGlobal
